
Microsoft Visual Studio Solution File, Format Version 12.00
# Visual Studio Version 17
VisualStudioVersion = 17.8.34330.188
MinimumVisualStudioVersion = 10.0.40219.1
Project("{9A19103F-16F7-4668-BE54-9A1E7A4F7556}") = "Business", "Bussiness\Business.csproj", "{D41B3088-1493-438C-AD5D-558A7AABBD8D}"
EndProject
Project("{9A19103F-16F7-4668-BE54-9A1E7A4F7556}") = "Core", "Core\Core.csproj", "{A68C6461-4C85-47EF-8DA0-4567C00BB96F}"
EndProject
Project("{9A19103F-16F7-4668-BE54-9A1E7A4F7556}") = "DataAccess", "DataAccess\DataAccess.csproj", "{42977085-CDA6-481B-B115-2A1ACDFC908E}"
EndProject
Project("{9A19103F-16F7-4668-BE54-9A1E7A4F7556}") = "Entities", "Entites\Entities.csproj", "{A7C9E1C3-DBFC-483F-AB82-C76BCC554FD2}"
EndProject
Project("{FAE04EC0-301F-11D3-BF4B-00C04F79EFBC}") = "WebApi", "WebApi\WebApi.csproj", "{572FACF2-6477-48AF-85D2-135B0BEC6576}"
EndProject
Global
	GlobalSection(SolutionConfigurationPlatforms) = preSolution
		Debug|Any CPU = Debug|Any CPU
		Release|Any CPU = Release|Any CPU
	EndGlobalSection
	GlobalSection(ProjectConfigurationPlatforms) = postSolution
		{D41B3088-1493-438C-AD5D-558A7AABBD8D}.Debug|Any CPU.ActiveCfg = Debug|Any CPU
		{D41B3088-1493-438C-AD5D-558A7AABBD8D}.Debug|Any CPU.Build.0 = Debug|Any CPU
		{D41B3088-1493-438C-AD5D-558A7AABBD8D}.Release|Any CPU.ActiveCfg = Release|Any CPU
		{D41B3088-1493-438C-AD5D-558A7AABBD8D}.Release|Any CPU.Build.0 = Release|Any CPU
		{A68C6461-4C85-47EF-8DA0-4567C00BB96F}.Debug|Any CPU.ActiveCfg = Debug|Any CPU
		{A68C6461-4C85-47EF-8DA0-4567C00BB96F}.Debug|Any CPU.Build.0 = Debug|Any CPU
		{A68C6461-4C85-47EF-8DA0-4567C00BB96F}.Release|Any CPU.ActiveCfg = Release|Any CPU
		{A68C6461-4C85-47EF-8DA0-4567C00BB96F}.Release|Any CPU.Build.0 = Release|Any CPU
		{42977085-CDA6-481B-B115-2A1ACDFC908E}.Debug|Any CPU.ActiveCfg = Debug|Any CPU
		{42977085-CDA6-481B-B115-2A1ACDFC908E}.Debug|Any CPU.Build.0 = Debug|Any CPU
		{42977085-CDA6-481B-B115-2A1ACDFC908E}.Release|Any CPU.ActiveCfg = Release|Any CPU
		{42977085-CDA6-481B-B115-2A1ACDFC908E}.Release|Any CPU.Build.0 = Release|Any CPU
		{A7C9E1C3-DBFC-483F-AB82-C76BCC554FD2}.Debug|Any CPU.ActiveCfg = Debug|Any CPU
		{A7C9E1C3-DBFC-483F-AB82-C76BCC554FD2}.Debug|Any CPU.Build.0 = Debug|Any CPU
		{A7C9E1C3-DBFC-483F-AB82-C76BCC554FD2}.Release|Any CPU.ActiveCfg = Release|Any CPU
		{A7C9E1C3-DBFC-483F-AB82-C76BCC554FD2}.Release|Any CPU.Build.0 = Release|Any CPU
		{572FACF2-6477-48AF-85D2-135B0BEC6576}.Debug|Any CPU.ActiveCfg = Debug|Any CPU
		{572FACF2-6477-48AF-85D2-135B0BEC6576}.Debug|Any CPU.Build.0 = Debug|Any CPU
		{572FACF2-6477-48AF-85D2-135B0BEC6576}.Release|Any CPU.ActiveCfg = Release|Any CPU
		{572FACF2-6477-48AF-85D2-135B0BEC6576}.Release|Any CPU.Build.0 = Release|Any CPU
	EndGlobalSection
	GlobalSection(SolutionProperties) = preSolution
		HideSolutionNode = FALSE
	EndGlobalSection
	GlobalSection(ExtensibilityGlobals) = postSolution
		SolutionGuid = {1C186C03-2DC2-4328-8438-93BD70CC598E}
	EndGlobalSection
EndGlobal
